{
    "_meta": {
        "hash": {
            "sha256": "2c3c2176b8a5be976613a45d11dfcea63ed4fce683854b69110d5b8b24c016e7"
        },
        "pipfile-spec": 6,
        "requires": {
            "python_version": "3"
        },
        "sources": [
            {
                "name": "pypi",
                "url": "https://pypi.org/simple",
                "verify_ssl": true
            }
        ]
    },
    "default": {
        "certifi": {
            "hashes": [
                "sha256:9943707519e4add1115f44c2bc244f782c0249876bf51b6599fee1ffbedd685c",
                "sha256:ac726dd470482006e014ad384921ed6438c457018f4b3d204aea4281258b2120"
            ],
            "markers": "python_version >= '3.7'",
            "version": "==2026.1.4"
        },
        "chardet": {
            "hashes": [
                "sha256:84ab92ed1c4d4f16916e05906b6b75a6c0fb5db821cc65e70cbd64a3e2a5eaae",
                "sha256:fc323ffcaeaed0e0a02bf4d117757b98aed530d9ed4531e3e15460124c106691"
            ],
            "version": "==3.0.4"
        },
        "charset-normalizer": {
            "hashes": [
                "sha256:027f6de494925c0ab2a55eab46ae5129951638a49a34d87f4c3eda90f696b4ad",
                "sha256:077fbb858e903c73f6c9db43374fd213b0b6a778106bc7032446a8e8b5b38b93",
                "sha256:0a98e6759f854bd25a58a73fa88833fba3b7c491169f86ce1180c948ab3fd394",
                "sha256:0d3d8f15c07f86e9ff82319b3d9ef6f4bf907608f53fe9d92b28ea9ae3d1fd89",
                "sha256:0f04b14ffe5fdc8c4933862d8306109a2c51e0704acfa35d51598eb45a1e89fc",
                "sha256:11d694519d7f29d6cd09f6ac70028dba10f92f6cdd059096db198c283794ac86",
                "sha256:194f08cbb32dc406d6e1aea671a68be0823673db2832b38405deba2fb0d88f63",
                "sha256:1bee1e43c28aa63cb16e5c14e582580546b08e535299b8b6158a7c9c768a1f3d",
                "sha256:21d142cc6c0ec30d2efee5068ca36c128a30b0f2c53c1c07bd78cb6bc1d3be5f",
                "sha256:2437418e20515acec67d86e12bf70056a33abdacb5cb1655042f6538d6b085a8",
                "sha256:244bfb999c71b35de57821b8ea746b24e863398194a4014e4c76adc2bbdfeff0",
                "sha256:2677acec1a2f8ef614c6888b5b4ae4060cc184174a938ed4e8ef690e15d3e505",
                "sha256:277e970e750505ed74c832b4bf75dac7476262ee2a013f5574dd49075879e161",
                "sha256:2aaba3b0819274cc41757a1da876f810a3e4d7b6eb25699253a4effef9e8e4af",
                "sha256:2b7d8f6c26245217bd2ad053761201e9f9680f8ce52f0fcd8d0755aeae5b2152",
                "sha256:2c9d3c380143a1fedbff95a312aa798578371eb29da42106a29019368a475318",
                "sha256:3162d5d8ce1bb98dd51af660f2121c55d0fa541b46dff7bb9b9f86ea1d87de72",
                "sha256:31fd66405eaf47bb62e8cd575dc621c56c668f27d46a61d975a249930dd5e2a4",
                "sha256:362d61fd13843997c1c446760ef36f240cf81d3ebf74ac62652aebaf7838561e",
                "sha256:376bec83a63b8021bb5c8ea75e21c4ccb86e7e45ca4eb81146091b56599b80c3",
                "sha256:44c2a8734b333e0578090c4cd6b16f275e07aa6614ca8715e6c038e865e70576",
                "sha256:47cc91b2f4dd2833fddaedd2893006b0106129d4b94fdb6af1f4ce5a9965577c",
                "sha256:4902828217069c3c5c71094537a8e623f5d097858ac6ca8252f7b4d10b7560f1",
                "sha256:4bd5d4137d500351a30687c2d3971758aac9a19208fc110ccb9d7188fbe709e8",
                "sha256:4fe7859a4e3e8457458e2ff592f15ccb02f3da787fcd31e0183879c3ad4692a1",
                "sha256:542d2cee80be6f80247095cc36c418f7bddd14f4a6de45af91dfad36d817bba2",
                "sha256:554af85e960429cf30784dd47447d5125aaa3b99a6f0683589dbd27e2f45da44",
                "sha256:5833d2c39d8896e4e19b689ffc198f08ea58116bee26dea51e362ecc7cd3ed26",
                "sha256:5947809c8a2417be3267efc979c47d76a079758166f7d43ef5ae8e9f92751f88",
                "sha256:5ae497466c7901d54b639cf42d5b8c1b6a4fead55215500d2f486d34db48d016",
                "sha256:5bd2293095d766545ec1a8f612559f6b40abc0eb18bb2f5d1171872d34036ede",
                "sha256:5bfbb1b9acf3334612667b61bd3002196fe2a1eb4dd74d247e0f2a4d50ec9bbf",
                "sha256:5cb4d72eea50c8868f5288b7f7f33ed276118325c1dfd3957089f6b519e1382a",
                "sha256:5dbe56a36425d26d6cfb40ce79c314a2e4dd6211d51d6d2191c00bed34f354cc",
                "sha256:5f819d5fe9234f9f82d75bdfa9aef3a3d72c4d24a6e57aeaebba32a704553aa0",
                "sha256:64b55f9dce520635f018f907ff1b0df1fdc31f2795a922fb49dd14fbcdf48c84",
                "sha256:6515f3182dbe4ea06ced2d9e8666d97b46ef4c75e326b79bb624110f122551db",
                "sha256:65e2befcd84bc6f37095f5961e68a6f077bf44946771354a28ad434c2cce0ae1",
                "sha256:6aee717dcfead04c6eb1ce3bd29ac1e22663cdea57f943c87d1eab9a025438d7",
                "sha256:6b39f987ae8ccdf0d2642338faf2abb1862340facc796048b604ef14919e55ed",
                "sha256:6e1fcf0720908f200cd21aa4e6750a48ff6ce4afe7ff5a79a90d5ed8a08296f8",
                "sha256:74018750915ee7ad843a774364e13a3db91682f26142baddf775342c3f5b1133",
                "sha256:74664978bb272435107de04e36db5a9735e78232b85b77d45cfb38f758efd33e",
                "sha256:74bb723680f9f7a6234dcf67aea57e708ec1fbdf5699fb91dfd6f511b0a320ef",
                "sha256:752944c7ffbfdd10c074dc58ec2d5a8a4cd9493b314d367c14d24c17684ddd14",
                "sha256:778d2e08eda00f4256d7f672ca9fef386071c9202f5e4607920b86d7803387f2",
                "sha256:780236ac706e66881f3b7f2f32dfe90507a09e67d1d454c762cf642e6e1586e0",
                "sha256:798d75d81754988d2565bff1b97ba5a44411867c0cf32b77a7e8f8d84796b10d",
                "sha256:799a7a5e4fb2d5898c60b640fd4981d6a25f1c11790935a44ce38c54e985f828",
                "sha256:7a32c560861a02ff789ad905a2fe94e3f840803362c84fecf1851cb4cf3dc37f",
                "sha256:7c308f7e26e4363d79df40ca5b2be1c6ba9f02bdbccfed5abddb7859a6ce72cf",
                "sha256:7fa17817dc5625de8a027cb8b26d9fefa3ea28c8253929b8d6649e705d2835b6",
                "sha256:81d5eb2a312700f4ecaa977a8235b634ce853200e828fbadf3a9c50bab278328",
                "sha256:82004af6c302b5d3ab2cfc4cc5f29db16123b1a8417f2e25f9066f91d4411090",
                "sha256:837c2ce8c5a65a2035be9b3569c684358dfbf109fd3b6969630a87535495ceaa",
                "sha256:840c25fb618a231545cbab0564a799f101b63b9901f2569faecd6b222ac72381",
                "sha256:8a6562c3700cce886c5be75ade4a5db4214fda19fede41d9792d100288d8f94c",
                "sha256:8af65f14dc14a79b924524b1e7fffe304517b2bff5a58bf64f30b98bbc5079eb",
                "sha256:8ef3c867360f88ac904fd3f5e1f902f13307af9052646963ee08ff4f131adafc",
                "sha256:94537985111c35f28720e43603b8e7b43a6ecfb2ce1d3058bbe955b73404e21a",
                "sha256:99ae2cffebb06e6c22bdc25801d7b30f503cc87dbd283479e7b606f70aff57ec",
                "sha256:9a26f18905b8dd5d685d6d07b0cdf98a79f3c7a918906af7cc143ea2e164c8bc",
                "sha256:9b35f4c90079ff2e2edc5b26c0c77925e5d2d255c42c74fdb70fb49b172726ac",
                "sha256:9cd98cdc06614a2f768d2b7286d66805f94c48cde050acdbbb7db2600ab3197e",
                "sha256:9d1bb833febdff5c8927f922386db610b49db6e0d4f4ee29601d71e7c2694313",
                "sha256:9f7fcd74d410a36883701fafa2482a6af2ff5ba96b9a620e9e0721e28ead5569",
                "sha256:a59cb51917aa591b1c4e6a43c132f0cdc3c76dbad6155df4e28ee626cc77a0a3",
                "sha256:a61900df84c667873b292c3de315a786dd8dac506704dea57bc957bd31e22c7d",
                "sha256:a79cfe37875f822425b89a82333404539ae63dbdddf97f84dcbc3d339aae9525",
                "sha256:a8a8b89589086a25749f471e6a900d3f662d1d3b6e2e59dcecf787b1cc3a1894",
                "sha256:a8bf8d0f749c5757af2142fe7903a9df1d2e8aa3841559b2bad34b08d0e2bcf3",
                "sha256:a9768c477b9d7bd54bc0c86dbaebdec6f03306675526c9927c0e8a04e8f94af9",
                "sha256:ac1c4a689edcc530fc9d9aa11f5774b9e2f33f9a0c6a57864e90908f5208d30a",
                "sha256:af2d8c67d8e573d6de5bc30cdb27e9b95e49115cd9baad5ddbd1a6207aaa82a9",
                "sha256:b435cba5f4f750aa6c0a0d92c541fb79f69a387c91e61f1795227e4ed9cece14",
                "sha256:b5b290ccc2a263e8d185130284f8501e3e36c5e02750fc6b6bdeb2e9e96f1e25",
                "sha256:b5d84d37db046c5ca74ee7bb47dd6cbc13f80665fdde3e8040bdd3fb015ecb50",
                "sha256:b7cf1017d601aa35e6bb650b6ad28652c9cd78ee6caff19f3c28d03e1c80acbf",
                "sha256:bc7637e2f80d8530ee4a78e878bce464f70087ce73cf7c1caf142416923b98f1",
                "sha256:c0463276121fdee9c49b98908b3a89c39be45d86d1dbaa22957e38f6321d4ce3",
                "sha256:c4ef880e27901b6cc782f1b95f82da9313c0eb95c3af699103088fa0ac3ce9ac",
                "sha256:c8ae8a0f02f57a6e61203a31428fa1d677cbe50c93622b4149d5c0f319c1d19e",
                "sha256:ca5862d5b3928c4940729dacc329aa9102900382fea192fc5e52eb69d6093815",
                "sha256:cb01158d8b88ee68f15949894ccc6712278243d95f344770fa7593fa2d94410c",
                "sha256:cb6254dc36b47a990e59e1068afacdcd02958bdcce30bb50cc1700a8b9d624a6",
                "sha256:cc00f04ed596e9dc0da42ed17ac5e596c6ccba999ba6bd92b0e0aef2f170f2d6",
                "sha256:cd09d08005f958f370f539f186d10aec3377d55b9eeb0d796025d4886119d76e",
                "sha256:cd4b7ca9984e5e7985c12bc60a6f173f3c958eae74f3ef6624bb6b26e2abbae4",
                "sha256:ce8a0633f41a967713a59c4139d29110c07e826d131a316b50ce11b1d79b4f84",
                "sha256:cead0978fc57397645f12578bfd2d5ea9138ea0fac82b2f63f7f7c6877986a69",
                "sha256:d055ec1e26e441f6187acf818b73564e6e6282709e9bcb5b63f5b23068356a15",
                "sha256:d1f13550535ad8cff21b8d757a3257963e951d96e20ec82ab44bc64aeb62a191",
                "sha256:d9c7f57c3d666a53421049053eaacdd14bbd0a528e2186fcb2e672effd053bb0",
                "sha256:d9e45d7faa48ee908174d8fe84854479ef838fc6a705c9315372eacbc2f02897",
                "sha256:da3326d9e65ef63a817ecbcc0df6e94463713b754fe293eaa03da99befb9a5bd",
                "sha256:de00632ca48df9daf77a2c65a484531649261ec9f25489917f09e455cb09ddb2",
                "sha256:e1f185f86a6f3403aa2420e815904c67b2f9ebc443f045edd0de921108345794",
                "sha256:e824f1492727fa856dd6eda4f7cee25f8518a12f3c4a56a74e8095695089cf6d",
                "sha256:e912091979546adf63357d7e2ccff9b44f026c075aeaf25a52d0e95ad2281074",
                "sha256:eaabd426fe94daf8fd157c32e571c85cb12e66692f15516a83a03264b08d06c3",
                "sha256:ebf3e58c7ec8a8bed6d66a75d7fb37b55e5015b03ceae72a8e7c74495551e224",
                "sha256:ecaae4149d99b1c9e7b88bb03e3221956f68fd6d50be2ef061b2381b61d20838",
                "sha256:eecbc200c7fd5ddb9a7f16c7decb07b566c29fa2161a16cf67b8d068bd21690a",
                "sha256:f155a433c2ec037d4e8df17d18922c3a0d9b3232a396690f17175d2946f0218d",
                "sha256:f1e34719c6ed0b92f418c7c780480b26b5d9c50349e9a9af7d76bf757530350d",
                "sha256:f34be2938726fc13801220747472850852fe6b1ea75869a048d6f896838c896f",
                "sha256:f820802628d2694cb7e56db99213f930856014862f3fd943d290ea8438d07ca8",
                "sha256:f8bf04158c6b607d747e93949aa60618b61312fe647a6369f88ce2ff16043490",
                "sha256:f8e160feb2aed042cd657a72acc0b481212ed28b1b9a95c0cee1621b524e1966",
                "sha256:f9d332f8c2a2fcbffe1378594431458ddbef721c1769d78e2cbc06280d8155f9",
                "sha256:fa09f53c465e532f4d3db095e0c55b615f010ad81803d383195b6b5ca6cbf5f3",
                "sha256:faa3a41b2b66b6e50f84ae4a68c64fcd0c44355741c6374813a800cd6695db9e",
                "sha256:fd44c878ea55ba351104cb93cc85e74916eb8fa440ca7903e57575e97394f608"
            ],
            "markers": "python_version >= '3.7'",
            "version": "==3.4.4"
        },
        "docopt": {
            "hashes": [
                "sha256:49b3a825280bd66b3aa83585ef59c4a8c82f2c8a522dbe754a8bc8d08c85c491"
            ],
            "index": "pypi",
            "version": "==0.6.2"
        },
        "idna": {
            "hashes": [
                "sha256:771a87f49d9defaf64091e6e6fe9c18d4833f140bd19464795bc32d966ca37ea",
                "sha256:795dafcc9c04ed0c1fb032c2aa73654d8e8c5023a7df64a53f39190ada629902"
            ],
            "markers": "python_version >= '3.8'",
            "version": "==3.11"
        },
        "numpy": {
            "hashes": [
                "sha256:0cfe07133fd00b27edee5e6385e333e9eeb010607e8a46e1cd673f05f8596595",
                "sha256:11a1f3816ea82eed4178102c56281782690ab5993251fdfd75039aad4d20385f",
                "sha256:2762331de395739c91f1abb88041f94a080cb1143aeec791b3b223976228af3f",
                "sha256:283d9de87c0133ef98f93dfc09fad3fb382f2a15580de75c02b5bb36a5a159a5",
                "sha256:3d22662b4b10112c545c91a0741f2436f8ca979ab3d69d03d19322aa970f9695",
                "sha256:41388e32e40b41dd56eb37fcaa7488b2b47b0adf77c66154d6b89622c110dfe9",
                "sha256:42c16cec1c8cf2728f1d539bd55aaa9d6bb48a7de2f41eb944697293ef65a559",
                "sha256:47ee7a839f5885bc0c63a74aabb91f6f40d7d7b639253768c4199b37aede7982",
                "sha256:5a311ee4d983c487a0ab546708edbdd759393a3dc9cd30305170149fedd23c88",
                "sha256:5dc65644f75a4c2970f21394ad8bea1a844104f0fe01f278631be1c7eae27226",
                "sha256:6ed0d073a9c54ac40c41a9c2d53fcc3d4d4ed607670b9e7b0de1ba13b4cbfe6f",
                "sha256:76ba7c40e80f9dc815c5e896330700fd6e20814e69da9c1267d65a4d051080f1",
                "sha256:818b9be7900e8dc23e013a92779135623476f44a0de58b40c32a15368c01d471",
                "sha256:a024181d7aef0004d76fb3bce2a4c9f2e67a609a9e2a6ff2571d30e9976aa383",
                "sha256:a955e4128ac36797aaffd49ab44ec74a71c11d6938df83b1285492d277db5397",
                "sha256:a97a954a8c2f046d3817c2bce16e3c7e9a9c2afffaf0400f5c16df5172a67c9c",
                "sha256:a97e82c39d9856fe7d4f9b86d8a1e66eff99cf3a8b7ba48202f659703d27c46f",
                "sha256:b55b953a1bdb465f4dc181758570d321db4ac23005f90ffd2b434cc6609a63dd",
                "sha256:bb02929b0d6bfab4c48a79bd805bd7419114606947ec8284476167415171f55b",
                "sha256:bece0a4a49e60e472a6d1f70ac6cdea00f9ab80ff01132f96bd970cdd8a9e5a9",
                "sha256:e41e8951749c4b5c9a2dc5fdbc1a4eec6ab2a140fdae9b460b0f557eed870f4d",
                "sha256:f71d57cc8645f14816ae249407d309be250ad8de93ef61d9709b45a0ddf4050c"
            ],
            "index": "pypi",
            "version": "==1.22.0"
        },
        "pygal": {
            "hashes": [
                "sha256:465f30ab408873d36530ed7bf5970ac0ffd0c020d03d976eab44e68fc21fdc64",
                "sha256:7ba5a191233d0c2d8bf4b4d26b06e42bd77483a59ba7d3e5b884d81d1a870667"
            ],
            "index": "pypi",
            "version": "==2.3.1"
        },
        "requests": {
            "hashes": [
                "sha256:27babd3cda2a6d50b30443204ee89830707d396671944c998b5975b031ac2b2c",
                "sha256:27d0316682c8a29834d3264820024b62a36942083d52caf2f14c0591336d3422"
            ],
            "index": "pypi",
            "markers": "python_version >= '3.8'",
            "version": "==2.32.4"
        },
        "sortedcontainers": {
            "hashes": [
                "sha256:974e9a32f56b17c1bac2aebd9dcf197f3eb9cd30553c5852a3187ad162e1a03a",
                "sha256:d9e96492dd51fae31e60837736b38fe42a187b5404c16606ff7ee7cd582d4c60"
            ],
            "index": "pypi",
            "version": "==2.1.0"
        },
        "tqdm": {
            "hashes": [
                "sha256:23097a41eba115ba99ecae40d06444c15d1c0c698d527a01c6c8bd1c5d0647e5",
                "sha256:4f41d54107ff9a223dca80b53efe4fb654c67efaba7f47bada3ee9d50e05bd53"
            ],
            "index": "pypi",
            "markers": "python_version >= '3.7'",
            "version": "==4.66.3"
        },
        "urllib3": {
            "hashes": [
                "sha256:1b62b6884944a57dbe321509ab94fd4d3b307075e0c2eae991ac71ee15ad38ed",
                "sha256:bf272323e553dfb2e87d9bfd225ca7b0f467b919d7bbd355436d3fd37cb0acd4"
            ],
            "markers": "python_version >= '3.9'",
            "version": "==2.6.3"
        }
    },
    "develop": {}
}
